
Microsoft Visual Studio Solution File, Format Version 12.00
# Visual Studio Version 16
VisualStudioVersion = 16.0.29613.14
MinimumVisualStudioVersion = 10.0.40219.1
Project("{9A19103F-16F7-4668-BE54-9A1E7A4F7556}") = "Moonparser", "Moonparser\Moonparser.csproj", "{DBA73B5D-EE19-4C4A-8EFF-499F50F831D5}"
EndProject
Project("{FAE04EC0-301F-11D3-BF4B-00C04F79EFBC}") = "Moonpaper", "Moonpaper\Moonpaper.csproj", "{3F81D754-CE1E-47DD-B33B-3C4EB5EB285F}"
EndProject
Global
	GlobalSection(SolutionConfigurationPlatforms) = preSolution
		Debug|Any CPU = Debug|Any CPU
		Release|Any CPU = Release|Any CPU
	EndGlobalSection
	GlobalSection(ProjectConfigurationPlatforms) = postSolution
		{DBA73B5D-EE19-4C4A-8EFF-499F50F831D5}.Debug|Any CPU.ActiveCfg = Debug|Any CPU
		{DBA73B5D-EE19-4C4A-8EFF-499F50F831D5}.Debug|Any CPU.Build.0 = Debug|Any CPU
		{DBA73B5D-EE19-4C4A-8EFF-499F50F831D5}.Release|Any CPU.ActiveCfg = Release|Any CPU
		{DBA73B5D-EE19-4C4A-8EFF-499F50F831D5}.Release|Any CPU.Build.0 = Release|Any CPU
		{3F81D754-CE1E-47DD-B33B-3C4EB5EB285F}.Debug|Any CPU.ActiveCfg = Debug|Any CPU
		{3F81D754-CE1E-47DD-B33B-3C4EB5EB285F}.Debug|Any CPU.Build.0 = Debug|Any CPU
		{3F81D754-CE1E-47DD-B33B-3C4EB5EB285F}.Release|Any CPU.ActiveCfg = Release|Any CPU
		{3F81D754-CE1E-47DD-B33B-3C4EB5EB285F}.Release|Any CPU.Build.0 = Release|Any CPU
	EndGlobalSection
	GlobalSection(SolutionProperties) = preSolution
		HideSolutionNode = FALSE
	EndGlobalSection
	GlobalSection(ExtensibilityGlobals) = postSolution
		SolutionGuid = {6595BFCF-DF72-45FE-8D8F-D1357BD3F577}
	EndGlobalSection
EndGlobal
